
Microsoft Visual Studio Solution File, Format Version 12.00
# Visual Studio 15
VisualStudioVersion = 15.0.27004.2009
MinimumVisualStudioVersion = 10.0.40219.1
Project("{FAE04EC0-301F-11D3-BF4B-00C04F79EFBC}") = "Necromancy", "Necromancy\Necromancy.csproj", "{84FD3CC2-A4C8-4B67-87BF-A3D2464E5CDF}"
EndProject
Global
	GlobalSection(SolutionConfigurationPlatforms) = preSolution
		Debug|Any CPU = Debug|Any CPU
		Release|Any CPU = Release|Any CPU
	EndGlobalSection
	GlobalSection(ProjectConfigurationPlatforms) = postSolution
		{84FD3CC2-A4C8-4B67-87BF-A3D2464E5CDF}.Debug|Any CPU.ActiveCfg = Debug|Any CPU
		{84FD3CC2-A4C8-4B67-87BF-A3D2464E5CDF}.Debug|Any CPU.Build.0 = Debug|Any CPU
		{84FD3CC2-A4C8-4B67-87BF-A3D2464E5CDF}.Release|Any CPU.ActiveCfg = Release|Any CPU
		{84FD3CC2-A4C8-4B67-87BF-A3D2464E5CDF}.Release|Any CPU.Build.0 = Release|Any CPU
	EndGlobalSection
	GlobalSection(SolutionProperties) = preSolution
		HideSolutionNode = FALSE
	EndGlobalSection
	GlobalSection(ExtensibilityGlobals) = postSolution
		SolutionGuid = {F7D2ABD2-2707-4B20-A6DC-735A290CA6BE}
	EndGlobalSection
EndGlobal
